
Microsoft Visual Studio Solution File, Format Version 12.00
# Visual Studio Version 17
VisualStudioVersion = 17.4.33110.190
MinimumVisualStudioVersion = 10.0.40219.1
Project("{FAE04EC0-301F-11D3-BF4B-00C04F79EFBC}") = "Lab11", "Lab11\Lab11.csproj", "{602A9D19-8FF9-452F-B50B-B1B57C81808E}"
EndProject
Global
	GlobalSection(SolutionConfigurationPlatforms) = preSolution
		Debug|Any CPU = Debug|Any CPU
		Release|Any CPU = Release|Any CPU
	EndGlobalSection
	GlobalSection(ProjectConfigurationPlatforms) = postSolution
		{602A9D19-8FF9-452F-B50B-B1B57C81808E}.Debug|Any CPU.ActiveCfg = Debug|Any CPU
		{602A9D19-8FF9-452F-B50B-B1B57C81808E}.Debug|Any CPU.Build.0 = Debug|Any CPU
		{602A9D19-8FF9-452F-B50B-B1B57C81808E}.Release|Any CPU.ActiveCfg = Release|Any CPU
		{602A9D19-8FF9-452F-B50B-B1B57C81808E}.Release|Any CPU.Build.0 = Release|Any CPU
	EndGlobalSection
	GlobalSection(SolutionProperties) = preSolution
		HideSolutionNode = FALSE
	EndGlobalSection
	GlobalSection(ExtensibilityGlobals) = postSolution
		SolutionGuid = {E43A1738-DBAE-48DE-81F2-80F8E409912D}
	EndGlobalSection
EndGlobal
